
Microsoft Visual Studio Solution File, Format Version 12.00
# Visual Studio 2013
VisualStudioVersion = 12.0.40629.0
MinimumVisualStudioVersion = 10.0.40219.1
Project("{FAE04EC0-301F-11D3-BF4B-00C04F79EFBC}") = "NetGenQueueService", "NETGENQUEUESERVICE\NetGenQueueService.csproj", "{5343F62B-58C5-4BE1-906D-6B73E04D3856}"
EndProject
Project("{FAE04EC0-301F-11D3-BF4B-00C04F79EFBC}") = "AppConfigLibrary", "AppConfigLibrary\AppConfigLibrary.csproj", "{51927562-E760-478D-B4A9-238105A046DA}"
EndProject
Project("{FAE04EC0-301F-11D3-BF4B-00C04F79EFBC}") = "NetGenQueueServicePluginInterface", "NetGenQueueServicePluginInterface\NetGenQueueServicePluginInterface.csproj", "{7285B3A7-72B0-4073-A07C-BCD351996CA9}"
EndProject
Project("{FAE04EC0-301F-11D3-BF4B-00C04F79EFBC}") = "RabbitMQPluginLibrary", "RabbitMQPluginLibrary\RabbitMQPluginLibrary.csproj", "{1822DFA8-A0F6-4B37-A0DF-90476368D6DE}"
EndProject
Project("{FAE04EC0-301F-11D3-BF4B-00C04F79EFBC}") = "GenMailMessageLibrary", "GenMailMessageLibrary\GenMailMessageLibrary.csproj", "{697068E8-F3EE-44BF-963C-2598C1442AA0}"
EndProject
Project("{FAE04EC0-301F-11D3-BF4B-00C04F79EFBC}") = "GenMailSendLibrary", "GenMailSendLibrary\GenMailSendLibrary.csproj", "{105D9FED-F1A4-4496-B94D-8BD7FAA1F01C}"
EndProject
Global
	GlobalSection(SolutionConfigurationPlatforms) = preSolution
		Avo-Bell|Any CPU = Avo-Bell|Any CPU
		Avo-Bell|Mixed Platforms = Avo-Bell|Mixed Platforms
		Avo-Bell|x86 = Avo-Bell|x86
		Debug|Any CPU = Debug|Any CPU
		Debug|Mixed Platforms = Debug|Mixed Platforms
		Debug|x86 = Debug|x86
		Debug-Fresh|Any CPU = Debug-Fresh|Any CPU
		Debug-Fresh|Mixed Platforms = Debug-Fresh|Mixed Platforms
		Debug-Fresh|x86 = Debug-Fresh|x86
		PharmaWeb|Any CPU = PharmaWeb|Any CPU
		PharmaWeb|Mixed Platforms = PharmaWeb|Mixed Platforms
		PharmaWeb|x86 = PharmaWeb|x86
		Release|Any CPU = Release|Any CPU
		Release|Mixed Platforms = Release|Mixed Platforms
		Release|x86 = Release|x86
	EndGlobalSection
	GlobalSection(ProjectConfigurationPlatforms) = postSolution
		{5343F62B-58C5-4BE1-906D-6B73E04D3856}.Avo-Bell|Any CPU.ActiveCfg = Avo-Bell|x86
		{5343F62B-58C5-4BE1-906D-6B73E04D3856}.Avo-Bell|Mixed Platforms.ActiveCfg = Avo-Bell|x86
		{5343F62B-58C5-4BE1-906D-6B73E04D3856}.Avo-Bell|Mixed Platforms.Build.0 = Avo-Bell|x86
		{5343F62B-58C5-4BE1-906D-6B73E04D3856}.Avo-Bell|x86.ActiveCfg = Avo-Bell|x86
		{5343F62B-58C5-4BE1-906D-6B73E04D3856}.Avo-Bell|x86.Build.0 = Avo-Bell|x86
		{5343F62B-58C5-4BE1-906D-6B73E04D3856}.Debug|Any CPU.ActiveCfg = Debug|x86
		{5343F62B-58C5-4BE1-906D-6B73E04D3856}.Debug|Mixed Platforms.ActiveCfg = Debug|x86
		{5343F62B-58C5-4BE1-906D-6B73E04D3856}.Debug|Mixed Platforms.Build.0 = Debug|x86
		{5343F62B-58C5-4BE1-906D-6B73E04D3856}.Debug|x86.ActiveCfg = Debug|x86
		{5343F62B-58C5-4BE1-906D-6B73E04D3856}.Debug|x86.Build.0 = Debug|x86
		{5343F62B-58C5-4BE1-906D-6B73E04D3856}.Debug-Fresh|Any CPU.ActiveCfg = Debug|x86
		{5343F62B-58C5-4BE1-906D-6B73E04D3856}.Debug-Fresh|Mixed Platforms.ActiveCfg = Debug|x86
		{5343F62B-58C5-4BE1-906D-6B73E04D3856}.Debug-Fresh|Mixed Platforms.Build.0 = Debug|x86
		{5343F62B-58C5-4BE1-906D-6B73E04D3856}.Debug-Fresh|x86.ActiveCfg = Debug|x86
		{5343F62B-58C5-4BE1-906D-6B73E04D3856}.Debug-Fresh|x86.Build.0 = Debug|x86
		{5343F62B-58C5-4BE1-906D-6B73E04D3856}.PharmaWeb|Any CPU.ActiveCfg = Avo-Bell|x86
		{5343F62B-58C5-4BE1-906D-6B73E04D3856}.PharmaWeb|Mixed Platforms.ActiveCfg = Avo-Bell|x86
		{5343F62B-58C5-4BE1-906D-6B73E04D3856}.PharmaWeb|Mixed Platforms.Build.0 = Avo-Bell|x86
		{5343F62B-58C5-4BE1-906D-6B73E04D3856}.PharmaWeb|x86.ActiveCfg = Avo-Bell|x86
		{5343F62B-58C5-4BE1-906D-6B73E04D3856}.PharmaWeb|x86.Build.0 = Avo-Bell|x86
		{5343F62B-58C5-4BE1-906D-6B73E04D3856}.Release|Any CPU.ActiveCfg = Release|x86
		{5343F62B-58C5-4BE1-906D-6B73E04D3856}.Release|Mixed Platforms.ActiveCfg = Release|x86
		{5343F62B-58C5-4BE1-906D-6B73E04D3856}.Release|Mixed Platforms.Build.0 = Release|x86
		{5343F62B-58C5-4BE1-906D-6B73E04D3856}.Release|x86.ActiveCfg = Release|x86
		{5343F62B-58C5-4BE1-906D-6B73E04D3856}.Release|x86.Build.0 = Release|x86
		{51927562-E760-478D-B4A9-238105A046DA}.Avo-Bell|Any CPU.ActiveCfg = PharmaWeb|Any CPU
		{51927562-E760-478D-B4A9-238105A046DA}.Avo-Bell|Any CPU.Build.0 = PharmaWeb|Any CPU
		{51927562-E760-478D-B4A9-238105A046DA}.Avo-Bell|Mixed Platforms.ActiveCfg = PharmaWeb|Any CPU
		{51927562-E760-478D-B4A9-238105A046DA}.Avo-Bell|Mixed Platforms.Build.0 = PharmaWeb|Any CPU
		{51927562-E760-478D-B4A9-238105A046DA}.Avo-Bell|x86.ActiveCfg = PharmaWeb|Any CPU
		{51927562-E760-478D-B4A9-238105A046DA}.Debug|Any CPU.ActiveCfg = Debug|Any CPU
		{51927562-E760-478D-B4A9-238105A046DA}.Debug|Any CPU.Build.0 = Debug|Any CPU
		{51927562-E760-478D-B4A9-238105A046DA}.Debug|Mixed Platforms.ActiveCfg = Debug|Any CPU
		{51927562-E760-478D-B4A9-238105A046DA}.Debug|Mixed Platforms.Build.0 = Debug|Any CPU
		{51927562-E760-478D-B4A9-238105A046DA}.Debug|x86.ActiveCfg = Debug|Any CPU
		{51927562-E760-478D-B4A9-238105A046DA}.Debug-Fresh|Any CPU.ActiveCfg = Debug|Any CPU
		{51927562-E760-478D-B4A9-238105A046DA}.Debug-Fresh|Any CPU.Build.0 = Debug|Any CPU
		{51927562-E760-478D-B4A9-238105A046DA}.Debug-Fresh|Mixed Platforms.ActiveCfg = Debug|Any CPU
		{51927562-E760-478D-B4A9-238105A046DA}.Debug-Fresh|Mixed Platforms.Build.0 = Debug|Any CPU
		{51927562-E760-478D-B4A9-238105A046DA}.Debug-Fresh|x86.ActiveCfg = Debug|Any CPU
		{51927562-E760-478D-B4A9-238105A046DA}.PharmaWeb|Any CPU.ActiveCfg = PharmaWeb|Any CPU
		{51927562-E760-478D-B4A9-238105A046DA}.PharmaWeb|Any CPU.Build.0 = PharmaWeb|Any CPU
		{51927562-E760-478D-B4A9-238105A046DA}.PharmaWeb|Mixed Platforms.ActiveCfg = PharmaWeb|Any CPU
		{51927562-E760-478D-B4A9-238105A046DA}.PharmaWeb|Mixed Platforms.Build.0 = PharmaWeb|Any CPU
		{51927562-E760-478D-B4A9-238105A046DA}.PharmaWeb|x86.ActiveCfg = PharmaWeb|Any CPU
		{51927562-E760-478D-B4A9-238105A046DA}.Release|Any CPU.ActiveCfg = Release|Any CPU
		{51927562-E760-478D-B4A9-238105A046DA}.Release|Any CPU.Build.0 = Release|Any CPU
		{51927562-E760-478D-B4A9-238105A046DA}.Release|Mixed Platforms.ActiveCfg = Release|Any CPU
		{51927562-E760-478D-B4A9-238105A046DA}.Release|Mixed Platforms.Build.0 = Release|Any CPU
		{51927562-E760-478D-B4A9-238105A046DA}.Release|x86.ActiveCfg = Release|Any CPU
		{7285B3A7-72B0-4073-A07C-BCD351996CA9}.Avo-Bell|Any CPU.ActiveCfg = PharmaWeb|Any CPU
		{7285B3A7-72B0-4073-A07C-BCD351996CA9}.Avo-Bell|Any CPU.Build.0 = PharmaWeb|Any CPU
		{7285B3A7-72B0-4073-A07C-BCD351996CA9}.Avo-Bell|Mixed Platforms.ActiveCfg = PharmaWeb|Any CPU
		{7285B3A7-72B0-4073-A07C-BCD351996CA9}.Avo-Bell|Mixed Platforms.Build.0 = PharmaWeb|Any CPU
		{7285B3A7-72B0-4073-A07C-BCD351996CA9}.Avo-Bell|x86.ActiveCfg = PharmaWeb|Any CPU
		{7285B3A7-72B0-4073-A07C-BCD351996CA9}.Debug|Any CPU.ActiveCfg = Debug|Any CPU
		{7285B3A7-72B0-4073-A07C-BCD351996CA9}.Debug|Any CPU.Build.0 = Debug|Any CPU
		{7285B3A7-72B0-4073-A07C-BCD351996CA9}.Debug|Mixed Platforms.ActiveCfg = Debug|Any CPU
		{7285B3A7-72B0-4073-A07C-BCD351996CA9}.Debug|Mixed Platforms.Build.0 = Debug|Any CPU
		{7285B3A7-72B0-4073-A07C-BCD351996CA9}.Debug|x86.ActiveCfg = Debug|Any CPU
		{7285B3A7-72B0-4073-A07C-BCD351996CA9}.Debug-Fresh|Any CPU.ActiveCfg = Debug|Any CPU
		{7285B3A7-72B0-4073-A07C-BCD351996CA9}.Debug-Fresh|Any CPU.Build.0 = Debug|Any CPU
		{7285B3A7-72B0-4073-A07C-BCD351996CA9}.Debug-Fresh|Mixed Platforms.ActiveCfg = Debug|Any CPU
		{7285B3A7-72B0-4073-A07C-BCD351996CA9}.Debug-Fresh|Mixed Platforms.Build.0 = Debug|Any CPU
		{7285B3A7-72B0-4073-A07C-BCD351996CA9}.Debug-Fresh|x86.ActiveCfg = Debug|Any CPU
		{7285B3A7-72B0-4073-A07C-BCD351996CA9}.PharmaWeb|Any CPU.ActiveCfg = PharmaWeb|Any CPU
		{7285B3A7-72B0-4073-A07C-BCD351996CA9}.PharmaWeb|Any CPU.Build.0 = PharmaWeb|Any CPU
		{7285B3A7-72B0-4073-A07C-BCD351996CA9}.PharmaWeb|Mixed Platforms.ActiveCfg = PharmaWeb|Any CPU
		{7285B3A7-72B0-4073-A07C-BCD351996CA9}.PharmaWeb|Mixed Platforms.Build.0 = PharmaWeb|Any CPU
		{7285B3A7-72B0-4073-A07C-BCD351996CA9}.PharmaWeb|x86.ActiveCfg = PharmaWeb|Any CPU
		{7285B3A7-72B0-4073-A07C-BCD351996CA9}.Release|Any CPU.ActiveCfg = Release|Any CPU
		{7285B3A7-72B0-4073-A07C-BCD351996CA9}.Release|Any CPU.Build.0 = Release|Any CPU
		{7285B3A7-72B0-4073-A07C-BCD351996CA9}.Release|Mixed Platforms.ActiveCfg = Release|Any CPU
		{7285B3A7-72B0-4073-A07C-BCD351996CA9}.Release|Mixed Platforms.Build.0 = Release|Any CPU
		{7285B3A7-72B0-4073-A07C-BCD351996CA9}.Release|x86.ActiveCfg = Release|Any CPU
		{1822DFA8-A0F6-4B37-A0DF-90476368D6DE}.Avo-Bell|Any CPU.ActiveCfg = PharmaWeb|Any CPU
		{1822DFA8-A0F6-4B37-A0DF-90476368D6DE}.Avo-Bell|Any CPU.Build.0 = PharmaWeb|Any CPU
		{1822DFA8-A0F6-4B37-A0DF-90476368D6DE}.Avo-Bell|Mixed Platforms.ActiveCfg = PharmaWeb|Any CPU
		{1822DFA8-A0F6-4B37-A0DF-90476368D6DE}.Avo-Bell|Mixed Platforms.Build.0 = PharmaWeb|Any CPU
		{1822DFA8-A0F6-4B37-A0DF-90476368D6DE}.Avo-Bell|x86.ActiveCfg = PharmaWeb|Any CPU
		{1822DFA8-A0F6-4B37-A0DF-90476368D6DE}.Debug|Any CPU.ActiveCfg = Debug|Any CPU
		{1822DFA8-A0F6-4B37-A0DF-90476368D6DE}.Debug|Any CPU.Build.0 = Debug|Any CPU
		{1822DFA8-A0F6-4B37-A0DF-90476368D6DE}.Debug|Mixed Platforms.ActiveCfg = Debug|Any CPU
		{1822DFA8-A0F6-4B37-A0DF-90476368D6DE}.Debug|Mixed Platforms.Build.0 = Debug|Any CPU
		{1822DFA8-A0F6-4B37-A0DF-90476368D6DE}.Debug|x86.ActiveCfg = Debug|Any CPU
		{1822DFA8-A0F6-4B37-A0DF-90476368D6DE}.Debug-Fresh|Any CPU.ActiveCfg = Debug|Any CPU
		{1822DFA8-A0F6-4B37-A0DF-90476368D6DE}.Debug-Fresh|Any CPU.Build.0 = Debug|Any CPU
		{1822DFA8-A0F6-4B37-A0DF-90476368D6DE}.Debug-Fresh|Mixed Platforms.ActiveCfg = Debug|Any CPU
		{1822DFA8-A0F6-4B37-A0DF-90476368D6DE}.Debug-Fresh|Mixed Platforms.Build.0 = Debug|Any CPU
		{1822DFA8-A0F6-4B37-A0DF-90476368D6DE}.Debug-Fresh|x86.ActiveCfg = Debug|Any CPU
		{1822DFA8-A0F6-4B37-A0DF-90476368D6DE}.PharmaWeb|Any CPU.ActiveCfg = PharmaWeb|Any CPU
		{1822DFA8-A0F6-4B37-A0DF-90476368D6DE}.PharmaWeb|Any CPU.Build.0 = PharmaWeb|Any CPU
		{1822DFA8-A0F6-4B37-A0DF-90476368D6DE}.PharmaWeb|Mixed Platforms.ActiveCfg = PharmaWeb|Any CPU
		{1822DFA8-A0F6-4B37-A0DF-90476368D6DE}.PharmaWeb|Mixed Platforms.Build.0 = PharmaWeb|Any CPU
		{1822DFA8-A0F6-4B37-A0DF-90476368D6DE}.PharmaWeb|x86.ActiveCfg = PharmaWeb|Any CPU
		{1822DFA8-A0F6-4B37-A0DF-90476368D6DE}.Release|Any CPU.ActiveCfg = Release|Any CPU
		{1822DFA8-A0F6-4B37-A0DF-90476368D6DE}.Release|Any CPU.Build.0 = Release|Any CPU
		{1822DFA8-A0F6-4B37-A0DF-90476368D6DE}.Release|Mixed Platforms.ActiveCfg = Release|Any CPU
		{1822DFA8-A0F6-4B37-A0DF-90476368D6DE}.Release|Mixed Platforms.Build.0 = Release|Any CPU
		{1822DFA8-A0F6-4B37-A0DF-90476368D6DE}.Release|x86.ActiveCfg = Release|Any CPU
		{697068E8-F3EE-44BF-963C-2598C1442AA0}.Avo-Bell|Any CPU.ActiveCfg = PharmaWeb|Any CPU
		{697068E8-F3EE-44BF-963C-2598C1442AA0}.Avo-Bell|Any CPU.Build.0 = PharmaWeb|Any CPU
		{697068E8-F3EE-44BF-963C-2598C1442AA0}.Avo-Bell|Mixed Platforms.ActiveCfg = PharmaWeb|Any CPU
		{697068E8-F3EE-44BF-963C-2598C1442AA0}.Avo-Bell|Mixed Platforms.Build.0 = PharmaWeb|Any CPU
		{697068E8-F3EE-44BF-963C-2598C1442AA0}.Avo-Bell|x86.ActiveCfg = PharmaWeb|Any CPU
		{697068E8-F3EE-44BF-963C-2598C1442AA0}.Debug|Any CPU.ActiveCfg = Debug|Any CPU
		{697068E8-F3EE-44BF-963C-2598C1442AA0}.Debug|Any CPU.Build.0 = Debug|Any CPU
		{697068E8-F3EE-44BF-963C-2598C1442AA0}.Debug|Mixed Platforms.ActiveCfg = Debug|Any CPU
		{697068E8-F3EE-44BF-963C-2598C1442AA0}.Debug|Mixed Platforms.Build.0 = Debug|Any CPU
		{697068E8-F3EE-44BF-963C-2598C1442AA0}.Debug|x86.ActiveCfg = Debug|Any CPU
		{697068E8-F3EE-44BF-963C-2598C1442AA0}.Debug-Fresh|Any CPU.ActiveCfg = Debug-Fresh|Any CPU
		{697068E8-F3EE-44BF-963C-2598C1442AA0}.Debug-Fresh|Any CPU.Build.0 = Debug-Fresh|Any CPU
		{697068E8-F3EE-44BF-963C-2598C1442AA0}.Debug-Fresh|Mixed Platforms.ActiveCfg = Debug-Fresh|Any CPU
		{697068E8-F3EE-44BF-963C-2598C1442AA0}.Debug-Fresh|Mixed Platforms.Build.0 = Debug-Fresh|Any CPU
		{697068E8-F3EE-44BF-963C-2598C1442AA0}.Debug-Fresh|x86.ActiveCfg = Debug-Fresh|Any CPU
		{697068E8-F3EE-44BF-963C-2598C1442AA0}.PharmaWeb|Any CPU.ActiveCfg = PharmaWeb|Any CPU
		{697068E8-F3EE-44BF-963C-2598C1442AA0}.PharmaWeb|Any CPU.Build.0 = PharmaWeb|Any CPU
		{697068E8-F3EE-44BF-963C-2598C1442AA0}.PharmaWeb|Mixed Platforms.ActiveCfg = PharmaWeb|Any CPU
		{697068E8-F3EE-44BF-963C-2598C1442AA0}.PharmaWeb|Mixed Platforms.Build.0 = PharmaWeb|Any CPU
		{697068E8-F3EE-44BF-963C-2598C1442AA0}.PharmaWeb|x86.ActiveCfg = PharmaWeb|Any CPU
		{697068E8-F3EE-44BF-963C-2598C1442AA0}.Release|Any CPU.ActiveCfg = Release|Any CPU
		{697068E8-F3EE-44BF-963C-2598C1442AA0}.Release|Any CPU.Build.0 = Release|Any CPU
		{697068E8-F3EE-44BF-963C-2598C1442AA0}.Release|Mixed Platforms.ActiveCfg = Release|Any CPU
		{697068E8-F3EE-44BF-963C-2598C1442AA0}.Release|Mixed Platforms.Build.0 = Release|Any CPU
		{697068E8-F3EE-44BF-963C-2598C1442AA0}.Release|x86.ActiveCfg = Release|Any CPU
		{105D9FED-F1A4-4496-B94D-8BD7FAA1F01C}.Avo-Bell|Any CPU.ActiveCfg = PharmaWeb|Any CPU
		{105D9FED-F1A4-4496-B94D-8BD7FAA1F01C}.Avo-Bell|Any CPU.Build.0 = PharmaWeb|Any CPU
		{105D9FED-F1A4-4496-B94D-8BD7FAA1F01C}.Avo-Bell|Mixed Platforms.ActiveCfg = PharmaWeb|Any CPU
		{105D9FED-F1A4-4496-B94D-8BD7FAA1F01C}.Avo-Bell|Mixed Platforms.Build.0 = PharmaWeb|Any CPU
		{105D9FED-F1A4-4496-B94D-8BD7FAA1F01C}.Avo-Bell|x86.ActiveCfg = PharmaWeb|Any CPU
		{105D9FED-F1A4-4496-B94D-8BD7FAA1F01C}.Debug|Any CPU.ActiveCfg = Debug|Any CPU
		{105D9FED-F1A4-4496-B94D-8BD7FAA1F01C}.Debug|Any CPU.Build.0 = Debug|Any CPU
		{105D9FED-F1A4-4496-B94D-8BD7FAA1F01C}.Debug|Mixed Platforms.ActiveCfg = Debug|Any CPU
		{105D9FED-F1A4-4496-B94D-8BD7FAA1F01C}.Debug|Mixed Platforms.Build.0 = Debug|Any CPU
		{105D9FED-F1A4-4496-B94D-8BD7FAA1F01C}.Debug|x86.ActiveCfg = Debug|Any CPU
		{105D9FED-F1A4-4496-B94D-8BD7FAA1F01C}.Debug-Fresh|Any CPU.ActiveCfg = Debug-Fresh|Any CPU
		{105D9FED-F1A4-4496-B94D-8BD7FAA1F01C}.Debug-Fresh|Any CPU.Build.0 = Debug-Fresh|Any CPU
		{105D9FED-F1A4-4496-B94D-8BD7FAA1F01C}.Debug-Fresh|Mixed Platforms.ActiveCfg = Debug-Fresh|Any CPU
		{105D9FED-F1A4-4496-B94D-8BD7FAA1F01C}.Debug-Fresh|Mixed Platforms.Build.0 = Debug-Fresh|Any CPU
		{105D9FED-F1A4-4496-B94D-8BD7FAA1F01C}.Debug-Fresh|x86.ActiveCfg = Debug-Fresh|Any CPU
		{105D9FED-F1A4-4496-B94D-8BD7FAA1F01C}.PharmaWeb|Any CPU.ActiveCfg = PharmaWeb|Any CPU
		{105D9FED-F1A4-4496-B94D-8BD7FAA1F01C}.PharmaWeb|Any CPU.Build.0 = PharmaWeb|Any CPU
		{105D9FED-F1A4-4496-B94D-8BD7FAA1F01C}.PharmaWeb|Mixed Platforms.ActiveCfg = PharmaWeb|Any CPU
		{105D9FED-F1A4-4496-B94D-8BD7FAA1F01C}.PharmaWeb|Mixed Platforms.Build.0 = PharmaWeb|Any CPU
		{105D9FED-F1A4-4496-B94D-8BD7FAA1F01C}.PharmaWeb|x86.ActiveCfg = PharmaWeb|Any CPU
		{105D9FED-F1A4-4496-B94D-8BD7FAA1F01C}.Release|Any CPU.ActiveCfg = Release|Any CPU
		{105D9FED-F1A4-4496-B94D-8BD7FAA1F01C}.Release|Any CPU.Build.0 = Release|Any CPU
		{105D9FED-F1A4-4496-B94D-8BD7FAA1F01C}.Release|Mixed Platforms.ActiveCfg = Release|Any CPU
		{105D9FED-F1A4-4496-B94D-8BD7FAA1F01C}.Release|Mixed Platforms.Build.0 = Release|Any CPU
		{105D9FED-F1A4-4496-B94D-8BD7FAA1F01C}.Release|x86.ActiveCfg = Release|Any CPU
	EndGlobalSection
	GlobalSection(SolutionProperties) = preSolution
		HideSolutionNode = FALSE
	EndGlobalSection
EndGlobal
